PODS:
  - Nimble (8.0.2)
  - OHHTTPStubs/Core (8.0.0)
  - OHHTTPStubs/Default (8.0.0):
    - OHHTTPStubs/Core
    - OHHTTPStubs/JSON
    - OHHTTPStubs/NSURLSession
    - OHHTTPStubs/OHPathHelpers
  - OHHTTPStubs/JSON (8.0.0):
    - OHHTTPStubs/Core
  - OHHTTPStubs/NSURLSession (8.0.0):
    - OHHTTPStubs/Core
  - OHHTTPStubs/OHPathHelpers (8.0.0)
  - OHHTTPStubs/Swift (8.0.0):
    - OHHTTPStubs/Default
  - Quick (2.1.0)
  - ReachabilitySwift (4.3.1)
  - SDWebImage (5.0.6):
    - SDWebImage/Core (= 5.0.6)
  - SDWebImage/Core (5.0.6)

DEPENDENCIES:
  - Nimble
  - OHHTTPStubs/Swift
  - Quick
  - ReachabilitySwift
  - SDWebImage

SPEC REPOS:
  https://github.com/CocoaPods/Specs.git:
    - Nimble
    - OHHTTPStubs
    - Quick
    - ReachabilitySwift
    - SDWebImage

SPEC CHECKSUMS:
  Nimble: 622629381bda1dd5678162f21f1368cec7cbba60
  OHHTTPStubs: 9cbce6364bec557cc3439aa6bb7514670d780881
  Quick: 4be43f6634acfa727dd106bdf3929ce125ffa79d
  ReachabilitySwift: 4032e2f59586e11e3b0ebe15b167abdd587a388b
  SDWebImage: 920f1a2ff1ca8296ad34f6e0510a1ef1d70ac965

PODFILE CHECKSUM: f5e75223684329a94b29f1d161fc5d8a84e8ef47

COCOAPODS: 1.5.0
